# This file is generated by running "yarn install" inside your project.
# Manual changes might be lost - proceed with caution!

__metadata:
  version: 6
  cacheKey: 8

"@cloudflare/workers-types@npm:^3.3.0":
  version: 3.19.0
  resolution: "@cloudflare/workers-types@npm:3.19.0"
  checksum: e381b524cea7dbe2a6b6005fef366784f44c23f1dbea7b90ce41540da41c78f81fc16f820aaa68ba668769f58aed6c76474a5ac9950481ca770e22dd9d115ad9
  languageName: node
  linkType: hard

"apps@workspace:.":
  version: 0.0.0-use.local
  resolution: "apps@workspace:."
  dependencies:
    "@cloudflare/workers-types": ^3.3.0
  languageName: unknown
  linkType: soft
